
Microsoft Visual Studio Solution File, Format Version 12.00
# Visual Studio Version 17
VisualStudioVersion = 17.1.32210.238
MinimumVisualStudioVersion = 10.0.40219.1
Project("{9A19103F-16F7-4668-BE54-9A1E7A4F7556}") = "Tests", "Tests\Tests.csproj", "{120C7C16-98F3-463F-B8C5-B666013B2547}"
EndProject
Project("{9A19103F-16F7-4668-BE54-9A1E7A4F7556}") = "WinClean", "WinClean\WinClean.csproj", "{89F011BA-42B2-48F4-95E4-8D9547438918}"
EndProject
Project("{2150E333-8FDC-42A3-9474-1A3956D46DE8}") = "Solution Items", "Solution Items", "{B573AD6B-7C01-4477-8561-1867493D9864}"
	ProjectSection(SolutionItems) = preProject
		.editorconfig = .editorconfig
	EndProjectSection
EndProject
Global
	GlobalSection(SolutionConfigurationPlatforms) = preSolution
		Debug|Any CPU = Debug|Any CPU
		Debug|ARM = Debug|ARM
		Debug|ARM64 = Debug|ARM64
		Debug|x64 = Debug|x64
		Debug|x86 = Debug|x86
		Portable|Any CPU = Portable|Any CPU
		Portable|ARM = Portable|ARM
		Portable|ARM64 = Portable|ARM64
		Portable|x64 = Portable|x64
		Portable|x86 = Portable|x86
		Release|Any CPU = Release|Any CPU
		Release|ARM = Release|ARM
		Release|ARM64 = Release|ARM64
		Release|x64 = Release|x64
		Release|x86 = Release|x86
	EndGlobalSection
	GlobalSection(ProjectConfigurationPlatforms) = postSolution
		{120C7C16-98F3-463F-B8C5-B666013B2547}.Debug|Any CPU.ActiveCfg = Debug|Any CPU
		{120C7C16-98F3-463F-B8C5-B666013B2547}.Debug|Any CPU.Build.0 = Debug|Any CPU
		{120C7C16-98F3-463F-B8C5-B666013B2547}.Debug|ARM.ActiveCfg = Debug|Any CPU
		{120C7C16-98F3-463F-B8C5-B666013B2547}.Debug|ARM.Build.0 = Debug|Any CPU
		{120C7C16-98F3-463F-B8C5-B666013B2547}.Debug|ARM64.ActiveCfg = Debug|Any CPU
		{120C7C16-98F3-463F-B8C5-B666013B2547}.Debug|ARM64.Build.0 = Debug|Any CPU
		{120C7C16-98F3-463F-B8C5-B666013B2547}.Debug|x64.ActiveCfg = Debug|Any CPU
		{120C7C16-98F3-463F-B8C5-B666013B2547}.Debug|x64.Build.0 = Debug|Any CPU
		{120C7C16-98F3-463F-B8C5-B666013B2547}.Debug|x86.ActiveCfg = Debug|Any CPU
		{120C7C16-98F3-463F-B8C5-B666013B2547}.Debug|x86.Build.0 = Debug|Any CPU
		{120C7C16-98F3-463F-B8C5-B666013B2547}.Portable|Any CPU.ActiveCfg = Debug|Any CPU
		{120C7C16-98F3-463F-B8C5-B666013B2547}.Portable|Any CPU.Build.0 = Debug|Any CPU
		{120C7C16-98F3-463F-B8C5-B666013B2547}.Portable|ARM.ActiveCfg = Debug|Any CPU
		{120C7C16-98F3-463F-B8C5-B666013B2547}.Portable|ARM.Build.0 = Debug|Any CPU
		{120C7C16-98F3-463F-B8C5-B666013B2547}.Portable|ARM64.ActiveCfg = Debug|Any CPU
		{120C7C16-98F3-463F-B8C5-B666013B2547}.Portable|ARM64.Build.0 = Debug|Any CPU
		{120C7C16-98F3-463F-B8C5-B666013B2547}.Portable|x64.ActiveCfg = Debug|Any CPU
		{120C7C16-98F3-463F-B8C5-B666013B2547}.Portable|x64.Build.0 = Debug|Any CPU
		{120C7C16-98F3-463F-B8C5-B666013B2547}.Portable|x86.ActiveCfg = Debug|Any CPU
		{120C7C16-98F3-463F-B8C5-B666013B2547}.Portable|x86.Build.0 = Debug|Any CPU
		{120C7C16-98F3-463F-B8C5-B666013B2547}.Release|Any CPU.ActiveCfg = Release|Any CPU
		{120C7C16-98F3-463F-B8C5-B666013B2547}.Release|Any CPU.Build.0 = Release|Any CPU
		{120C7C16-98F3-463F-B8C5-B666013B2547}.Release|ARM.ActiveCfg = Release|Any CPU
		{120C7C16-98F3-463F-B8C5-B666013B2547}.Release|ARM.Build.0 = Release|Any CPU
		{120C7C16-98F3-463F-B8C5-B666013B2547}.Release|ARM64.ActiveCfg = Release|Any CPU
		{120C7C16-98F3-463F-B8C5-B666013B2547}.Release|ARM64.Build.0 = Release|Any CPU
		{120C7C16-98F3-463F-B8C5-B666013B2547}.Release|x64.ActiveCfg = Release|Any CPU
		{120C7C16-98F3-463F-B8C5-B666013B2547}.Release|x64.Build.0 = Release|Any CPU
		{120C7C16-98F3-463F-B8C5-B666013B2547}.Release|x86.ActiveCfg = Release|Any CPU
		{120C7C16-98F3-463F-B8C5-B666013B2547}.Release|x86.Build.0 = Release|Any CPU
		{89F011BA-42B2-48F4-95E4-8D9547438918}.Debug|Any CPU.ActiveCfg = Debug|Any CPU
		{89F011BA-42B2-48F4-95E4-8D9547438918}.Debug|Any CPU.Build.0 = Debug|Any CPU
		{89F011BA-42B2-48F4-95E4-8D9547438918}.Debug|ARM.ActiveCfg = Debug|Any CPU
		{89F011BA-42B2-48F4-95E4-8D9547438918}.Debug|ARM.Build.0 = Debug|Any CPU
		{89F011BA-42B2-48F4-95E4-8D9547438918}.Debug|ARM64.ActiveCfg = Debug|Any CPU
		{89F011BA-42B2-48F4-95E4-8D9547438918}.Debug|ARM64.Build.0 = Debug|Any CPU
		{89F011BA-42B2-48F4-95E4-8D9547438918}.Debug|x64.ActiveCfg = Debug|Any CPU
		{89F011BA-42B2-48F4-95E4-8D9547438918}.Debug|x64.Build.0 = Debug|Any CPU
		{89F011BA-42B2-48F4-95E4-8D9547438918}.Debug|x86.ActiveCfg = Debug|Any CPU
		{89F011BA-42B2-48F4-95E4-8D9547438918}.Debug|x86.Build.0 = Debug|Any CPU
		{89F011BA-42B2-48F4-95E4-8D9547438918}.Portable|Any CPU.ActiveCfg = Portable|Any CPU
		{89F011BA-42B2-48F4-95E4-8D9547438918}.Portable|Any CPU.Build.0 = Portable|Any CPU
		{89F011BA-42B2-48F4-95E4-8D9547438918}.Portable|ARM.ActiveCfg = Portable|Any CPU
		{89F011BA-42B2-48F4-95E4-8D9547438918}.Portable|ARM.Build.0 = Portable|Any CPU
		{89F011BA-42B2-48F4-95E4-8D9547438918}.Portable|ARM64.ActiveCfg = Portable|Any CPU
		{89F011BA-42B2-48F4-95E4-8D9547438918}.Portable|ARM64.Build.0 = Portable|Any CPU
		{89F011BA-42B2-48F4-95E4-8D9547438918}.Portable|x64.ActiveCfg = Portable|Any CPU
		{89F011BA-42B2-48F4-95E4-8D9547438918}.Portable|x64.Build.0 = Portable|Any CPU
		{89F011BA-42B2-48F4-95E4-8D9547438918}.Portable|x86.ActiveCfg = Portable|Any CPU
		{89F011BA-42B2-48F4-95E4-8D9547438918}.Portable|x86.Build.0 = Portable|Any CPU
		{89F011BA-42B2-48F4-95E4-8D9547438918}.Release|Any CPU.ActiveCfg = Release|Any CPU
		{89F011BA-42B2-48F4-95E4-8D9547438918}.Release|Any CPU.Build.0 = Release|Any CPU
		{89F011BA-42B2-48F4-95E4-8D9547438918}.Release|ARM.ActiveCfg = Release|Any CPU
		{89F011BA-42B2-48F4-95E4-8D9547438918}.Release|ARM.Build.0 = Release|Any CPU
		{89F011BA-42B2-48F4-95E4-8D9547438918}.Release|ARM64.ActiveCfg = Release|Any CPU
		{89F011BA-42B2-48F4-95E4-8D9547438918}.Release|ARM64.Build.0 = Release|Any CPU
		{89F011BA-42B2-48F4-95E4-8D9547438918}.Release|x64.ActiveCfg = Release|Any CPU
		{89F011BA-42B2-48F4-95E4-8D9547438918}.Release|x64.Build.0 = Release|Any CPU
		{89F011BA-42B2-48F4-95E4-8D9547438918}.Release|x86.ActiveCfg = Release|Any CPU
		{89F011BA-42B2-48F4-95E4-8D9547438918}.Release|x86.Build.0 = Release|Any CPU
	EndGlobalSection
	GlobalSection(SolutionProperties) = preSolution
		HideSolutionNode = FALSE
	EndGlobalSection
	GlobalSection(ExtensibilityGlobals) = postSolution
		RESX_PrefixTranslations = False
		SolutionGuid = {937A4B5E-93B9-4C78-B678-7D96F758D99D}
		RESX_TranslatorConfiguration = {"Azure":"{\"AutoDetectHtml\":true,\"MaxCharactersPerMinute\":33300,\"AuthenticationKey\":null,\"Region\":null,\"IsEnabled\":true,\"SaveCredentials\":false,\"Ranking\":1.0}","Baidu":"{\"AppId\":null,\"SecretKey\":null,\"ApiUrl\":null,\"Domain\":null,\"IsEnabled\":true,\"SaveCredentials\":false,\"Ranking\":1.0}","DeepL":"{\"ApiKey\":null,\"ApiUrl\":null,\"IsEnabled\":true,\"SaveCredentials\":false,\"Ranking\":1.0}","Google":"{\"ApiKey\":null,\"IsEnabled\":true,\"SaveCredentials\":false,\"Ranking\":1.0}","MSTerm":"{\"IsEnabled\":true,\"SaveCredentials\":false,\"Ranking\":1.0}","MyMemory":"{\"Key\":null,\"Mail\":null,\"IsEnabled\":true,\"SaveCredentials\":false,\"Ranking\":1.0}"}
	EndGlobalSection
EndGlobal
